
Microsoft Visual Studio Solution File, Format Version 12.00
# Visual Studio Version 16
VisualStudioVersion = 16.0.32510.428
MinimumVisualStudioVersion = 10.0.40219.1
Project("{FAE04EC0-301F-11D3-BF4B-00C04F79EFBC}") = "ExercisePABD_CRUD", "ExercisePABD_CRUD\ExercisePABD_CRUD.csproj", "{F118110A-CE7B-40C2-8B3C-E25FDBEAD960}"
EndProject
Global
	GlobalSection(SolutionConfigurationPlatforms) = preSolution
		Debug|Any CPU = Debug|Any CPU
		Release|Any CPU = Release|Any CPU
	EndGlobalSection
	GlobalSection(ProjectConfigurationPlatforms) = postSolution
		{F118110A-CE7B-40C2-8B3C-E25FDBEAD960}.Debug|Any CPU.ActiveCfg = Debug|Any CPU
		{F118110A-CE7B-40C2-8B3C-E25FDBEAD960}.Debug|Any CPU.Build.0 = Debug|Any CPU
		{F118110A-CE7B-40C2-8B3C-E25FDBEAD960}.Release|Any CPU.ActiveCfg = Release|Any CPU
		{F118110A-CE7B-40C2-8B3C-E25FDBEAD960}.Release|Any CPU.Build.0 = Release|Any CPU
	EndGlobalSection
	GlobalSection(SolutionProperties) = preSolution
		HideSolutionNode = FALSE
	EndGlobalSection
	GlobalSection(ExtensibilityGlobals) = postSolution
		SolutionGuid = {7BF4BC73-AC2C-430C-A156-FC825A015C09}
	EndGlobalSection
EndGlobal
